
Microsoft Visual Studio Solution File, Format Version 12.00
# Visual Studio Version 16
VisualStudioVersion = 16.0.30320.27
MinimumVisualStudioVersion = 10.0.40219.1
Project("{2150E333-8FDC-42A3-9474-1A3956D46DE8}") = "1 - Domains", "1 - Domains", "{C87574FD-9282-44C1-A678-5A47B086CD74}"
EndProject
Project("{2150E333-8FDC-42A3-9474-1A3956D46DE8}") = "2 - Infra", "2 - Infra", "{C4780DD6-92E9-4479-809A-F38C81C8BC38}"
EndProject
Project("{2150E333-8FDC-42A3-9474-1A3956D46DE8}") = "3 - Business", "3 - Business", "{A9F2E7E9-5734-4D5C-9FDA-DA82ED17377D}"
EndProject
Project("{2150E333-8FDC-42A3-9474-1A3956D46DE8}") = "4 - API", "4 - API", "{C7A77FB2-888D-4394-A5F7-FD1A607D490C}"
EndProject
Project("{2150E333-8FDC-42A3-9474-1A3956D46DE8}") = "5 - Views", "5 - Views", "{CED4FE15-FD59-41EB-A953-6E09D6243F9E}"
EndProject
Project("{2150E333-8FDC-42A3-9474-1A3956D46DE8}") = "6 - Tests", "6 - Tests", "{42F1DE4F-ED3F-4432-8024-B8C2799DC9D0}"
EndProject
Project("{9A19103F-16F7-4668-BE54-9A1E7A4F7556}") = "Models", "Models\Models.csproj", "{19E22DDC-607D-4EE0-8029-E6AB49FB2D46}"
EndProject
Project("{9A19103F-16F7-4668-BE54-9A1E7A4F7556}") = "Data", "Data\Data.csproj", "{5B3E09D5-F9F3-4849-883F-E0DC6249E9D6}"
EndProject
Project("{9A19103F-16F7-4668-BE54-9A1E7A4F7556}") = "Business", "Business\Business.csproj", "{4AA41B3E-537B-44B2-BFE5-9D596C1F3726}"
EndProject
Project("{FAE04EC0-301F-11D3-BF4B-00C04F79EFBC}") = "API", "API\API.csproj", "{D6AABE4A-C99B-4C64-AB00-D6306B251991}"
EndProject
Global
	GlobalSection(SolutionConfigurationPlatforms) = preSolution
		Debug|Any CPU = Debug|Any CPU
		Release|Any CPU = Release|Any CPU
	EndGlobalSection
	GlobalSection(ProjectConfigurationPlatforms) = postSolution
		{19E22DDC-607D-4EE0-8029-E6AB49FB2D46}.Debug|Any CPU.ActiveCfg = Debug|Any CPU
		{19E22DDC-607D-4EE0-8029-E6AB49FB2D46}.Debug|Any CPU.Build.0 = Debug|Any CPU
		{19E22DDC-607D-4EE0-8029-E6AB49FB2D46}.Release|Any CPU.ActiveCfg = Release|Any CPU
		{19E22DDC-607D-4EE0-8029-E6AB49FB2D46}.Release|Any CPU.Build.0 = Release|Any CPU
		{5B3E09D5-F9F3-4849-883F-E0DC6249E9D6}.Debug|Any CPU.ActiveCfg = Debug|Any CPU
		{5B3E09D5-F9F3-4849-883F-E0DC6249E9D6}.Debug|Any CPU.Build.0 = Debug|Any CPU
		{5B3E09D5-F9F3-4849-883F-E0DC6249E9D6}.Release|Any CPU.ActiveCfg = Release|Any CPU
		{5B3E09D5-F9F3-4849-883F-E0DC6249E9D6}.Release|Any CPU.Build.0 = Release|Any CPU
		{4AA41B3E-537B-44B2-BFE5-9D596C1F3726}.Debug|Any CPU.ActiveCfg = Debug|Any CPU
		{4AA41B3E-537B-44B2-BFE5-9D596C1F3726}.Debug|Any CPU.Build.0 = Debug|Any CPU
		{4AA41B3E-537B-44B2-BFE5-9D596C1F3726}.Release|Any CPU.ActiveCfg = Release|Any CPU
		{4AA41B3E-537B-44B2-BFE5-9D596C1F3726}.Release|Any CPU.Build.0 = Release|Any CPU
		{D6AABE4A-C99B-4C64-AB00-D6306B251991}.Debug|Any CPU.ActiveCfg = Debug|Any CPU
		{D6AABE4A-C99B-4C64-AB00-D6306B251991}.Debug|Any CPU.Build.0 = Debug|Any CPU
		{D6AABE4A-C99B-4C64-AB00-D6306B251991}.Release|Any CPU.ActiveCfg = Release|Any CPU
		{D6AABE4A-C99B-4C64-AB00-D6306B251991}.Release|Any CPU.Build.0 = Release|Any CPU
	EndGlobalSection
	GlobalSection(SolutionProperties) = preSolution
		HideSolutionNode = FALSE
	EndGlobalSection
	GlobalSection(NestedProjects) = preSolution
		{19E22DDC-607D-4EE0-8029-E6AB49FB2D46} = {C87574FD-9282-44C1-A678-5A47B086CD74}
		{5B3E09D5-F9F3-4849-883F-E0DC6249E9D6} = {C4780DD6-92E9-4479-809A-F38C81C8BC38}
		{4AA41B3E-537B-44B2-BFE5-9D596C1F3726} = {A9F2E7E9-5734-4D5C-9FDA-DA82ED17377D}
		{D6AABE4A-C99B-4C64-AB00-D6306B251991} = {C7A77FB2-888D-4394-A5F7-FD1A607D490C}
	EndGlobalSection
	GlobalSection(ExtensibilityGlobals) = postSolution
		SolutionGuid = {8A776486-EC4A-4D3F-9101-5D29AE7C3782}
	EndGlobalSection
EndGlobal
